// !$*UTF8*$!
{
	archiveVersion = 1;
	classes = {
	};
	objectVersion = 77;
	objects = {

/* Begin PBXContainerItemProxy section */
		B1DCBBE12FD7596500FF909B /* PBXContainerItemProxy */ = {
			isa = PBXContainerItemProxy;
			containerPortal = B1DCBBC82FD7596400FF909B /* Project object */;
			proxyType = 1;
			remoteGlobalIDString = B1DCBBCF2FD7596400FF909B;
			remoteInfo = DoYouUnderstand;
		};
		B1DCBBEB2FD7596500FF909B /* PBXContainerItemProxy */ = {
			isa = PBXContainerItemProxy;
			containerPortal = B1DCBBC82FD7596400FF909B /* Project object */;
			proxyType = 1;
			remoteGlobalIDString = B1DCBBCF2FD7596400FF909B;
			remoteInfo = DoYouUnderstand;
		};
/* End PBXContainerItemProxy section */

/* Begin PBXFileReference section */
		B1DCBBD02FD7596400FF909B /* DoYouUnderstand.app */ = {isa = PBXFileReference; explicitFileType = wrapper.application; includeInIndex = 0; path = DoYouUnderstand.app; sourceTree = BUILT_PRODUCTS_DIR; };
		B1DCBBE02FD7596500FF909B /* DoYouUnderstandTests.xctest */ = {isa = PBXFileReference; explicitFileType = wrapper.cfbundle; includeInIndex = 0; path = DoYouUnderstandTests.xctest; sourceTree = BUILT_PRODUCTS_DIR; };
		B1DCBBEA2FD7596500FF909B /* DoYouUnderstandUITests.xctest */ = {isa = PBXFileReference; explicitFileType = wrapper.cfbundle; includeInIndex = 0; path = DoYouUnderstandUITests.xctest; sourceTree = BUILT_PRODUCTS_DIR; };
/* End PBXFileReference section */

/* Begin PBXFileSystemSynchronizedRootGroup section */
		B1DCBBD22FD7596400FF909B /* DoYouUnderstand */ = {
			isa = PBXFileSystemSynchronizedRootGroup;
			path = DoYouUnderstand;
			sourceTree = "<group>";
		};
		B1DCBBE32FD7596500FF909B /* DoYouUnderstandTests */ = {
			isa = PBXFileSystemSynchronizedRootGroup;
			path = DoYouUnderstandTests;
			sourceTree = "<group>";
		};
		B1DCBBED2FD7596500FF909B /* DoYouUnderstandUITests */ = {
			isa = PBXFileSystemSynchronizedRootGroup;
			path = DoYouUnderstandUITests;
			sourceTree = "<group>";
		};
/* End PBXFileSystemSynchronizedRootGroup section */

/* Begin PBXFrameworksBuildPhase section */
		B1DCBBCD2FD7596400FF909B /* Frameworks */ = {
			isa = PBXFrameworksBuildPhase;
			buildActionMask = 2147483647;
			files = (
			);
			runOnlyForDeploymentPostprocessing = 0;
		};
		B1DCBBDD2FD7596500FF909B /* Frameworks */ = {
			isa = PBXFrameworksBuildPhase;
			buildActionMask = 2147483647;
			files = (
			);
			runOnlyForDeploymentPostprocessing = 0;
		};
		B1DCBBE72FD7596500FF909B /* Frameworks */ = {
			isa = PBXFrameworksBuildPhase;
			buildActionMask = 2147483647;
			files = (
			);
			runOnlyForDeploymentPostprocessing = 0;
		};
/* End PBXFrameworksBuildPhase section */

/* Begin PBXGroup section */
		B1DCBBC72FD7596400FF909B = {
			isa = PBXGroup;
			children = (
				B1DCBBD22FD7596400FF909B /* DoYouUnderstand */,
				B1DCBBE32FD7596500FF909B /* DoYouUnderstandTests */,
				B1DCBBED2FD7596500FF909B /* DoYouUnderstandUITests */,
				B1DCBBD12FD7596400FF909B /* Products */,
			);
			sourceTree = "<group>";
		};
		B1DCBBD12FD7596400FF909B /* Products */ = {
			isa = PBXGroup;
			children = (
				B1DCBBD02FD7596400FF909B /* DoYouUnderstand.app */,
				B1DCBBE02FD7596500FF909B /* DoYouUnderstandTests.xctest */,
				B1DCBBEA2FD7596500FF909B /* DoYouUnderstandUITests.xctest */,
			);
			name = Products;
			sourceTree = "<group>";
		};
/* End PBXGroup section */

/* Begin PBXNativeTarget section */
		B1DCBBCF2FD7596400FF909B /* DoYouUnderstand */ = {
			isa = PBXNativeTarget;
			buildConfigurationList = B1DCBBF42FD7596500FF909B /* Build configuration list for PBXNativeTarget "DoYouUnderstand" */;
			buildPhases = (
				B1DCBBCC2FD7596400FF909B /* Sources */,
				B1DCBBCD2FD7596400FF909B /* Frameworks */,
				B1DCBBCE2FD7596400FF909B /* Resources */,
			);
			buildRules = (
			);
			dependencies = (
			);
			fileSystemSynchronizedGroups = (
				B1DCBBD22FD7596400FF909B /* DoYouUnderstand */,
			);
			name = DoYouUnderstand;
			packageProductDependencies = (
			);
			productName = DoYouUnderstand;
			productReference = B1DCBBD02FD7596400FF909B /* DoYouUnderstand.app */;
			productType = "com.apple.product-type.application";
		};
		B1DCBBDF2FD7596500FF909B /* DoYouUnderstandTests */ = {
			isa = PBXNativeTarget;
			buildConfigurationList = B1DCBBF72FD7596500FF909B /* Build configuration list for PBXNativeTarget "DoYouUnderstandTests" */;
			buildPhases = (
				B1DCBBDC2FD7596500FF909B /* Sources */,
				B1DCBBDD2FD7596500FF909B /* Frameworks */,
				B1DCBBDE2FD7596500FF909B /* Resources */,
			);
			buildRules = (
			);
			dependencies = (
				B1DCBBE22FD7596500FF909B /* PBXTargetDependency */,
			);
			fileSystemSynchronizedGroups = (
				B1DCBBE32FD7596500FF909B /* DoYouUnderstandTests */,
			);
			name = DoYouUnderstandTests;
			packageProductDependencies = (
			);
			productName = DoYouUnderstandTests;
			productReference = B1DCBBE02FD7596500FF909B /* DoYouUnderstandTests.xctest */;
			productType = "com.apple.product-type.bundle.unit-test";
		};
		B1DCBBE92FD7596500FF909B /* DoYouUnderstandUITests */ = {
			isa = PBXNativeTarget;
			buildConfigurationList = B1DCBBFA2FD7596500FF909B /* Build configuration list for PBXNativeTarget "DoYouUnderstandUITests" */;
			buildPhases = (
				B1DCBBE62FD7596500FF909B /* Sources */,
				B1DCBBE72FD7596500FF909B /* Frameworks */,
				B1DCBBE82FD7596500FF909B /* Resources */,
			);
			buildRules = (
			);
			dependencies = (
				B1DCBBEC2FD7596500FF909B /* PBXTargetDependency */,
			);
			fileSystemSynchronizedGroups = (
				B1DCBBED2FD7596500FF909B /* DoYouUnderstandUITests */,
			);
			name = DoYouUnderstandUITests;
			packageProductDependencies = (
			);
			productName = DoYouUnderstandUITests;
			productReference = B1DCBBEA2FD7596500FF909B /* DoYouUnderstandUITests.xctest */;
			productType = "com.apple.product-type.bundle.ui-testing";
		};
/* End PBXNativeTarget section */

/* Begin PBXProject section */
		B1DCBBC82FD7596400FF909B /* Project object */ = {
			isa = PBXProject;
			attributes = {
				BuildIndependentTargetsInParallel = 1;
				LastSwiftUpdateCheck = 1620;
				LastUpgradeCheck = 1620;
				TargetAttributes = {
					B1DCBBCF2FD7596400FF909B = {
						CreatedOnToolsVersion = 16.2;
					};
					B1DCBBDF2FD7596500FF909B = {
						CreatedOnToolsVersion = 16.2;
						TestTargetID = B1DCBBCF2FD7596400FF909B;
					};
					B1DCBBE92FD7596500FF909B = {
						CreatedOnToolsVersion = 16.2;
						TestTargetID = B1DCBBCF2FD7596400FF909B;
					};
				};
			};
			buildConfigurationList = B1DCBBCB2FD7596400FF909B /* Build configuration list for PBXProject "DoYouUnderstand" */;
			developmentRegion = en;
			hasScannedForEncodings = 0;
			knownRegions = (
				en,
				Base,
			);
			mainGroup = B1DCBBC72FD7596400FF909B;
			minimizedProjectReferenceProxies = 1;
			preferredProjectObjectVersion = 77;
			productRefGroup = B1DCBBD12FD7596400FF909B /* Products */;
			projectDirPath = "";
			projectRoot = "";
			targets = (
				B1DCBBCF2FD7596400FF909B /* DoYouUnderstand */,
				B1DCBBDF2FD7596500FF909B /* DoYouUnderstandTests */,
				B1DCBBE92FD7596500FF909B /* DoYouUnderstandUITests */,
			);
		};
/* End PBXProject section */

/* Begin PBXResourcesBuildPhase section */
		B1DCBBCE2FD7596400FF909B /* Resources */ = {
			isa = PBXResourcesBuildPhase;
			buildActionMask = 2147483647;
			files = (
			);
			runOnlyForDeploymentPostprocessing = 0;
		};
		B1DCBBDE2FD7596500FF909B /* Resources */ = {
			isa = PBXResourcesBuildPhase;
			buildActionMask = 2147483647;
			files = (
			);
			runOnlyForDeploymentPostprocessing = 0;
		};
		B1DCBBE82FD7596500FF909B /* Resources */ = {
			isa = PBXResourcesBuildPhase;
			buildActionMask = 2147483647;
			files = (
			);
			runOnlyForDeploymentPostprocessing = 0;
		};
/* End PBXResourcesBuildPhase section */

/* Begin PBXSourcesBuildPhase section */
		B1DCBBCC2FD7596400FF909B /* Sources */ = {
			isa = PBXSourcesBuildPhase;
			buildActionMask = 2147483647;
			files = (
			);
			runOnlyForDeploymentPostprocessing = 0;
		};
		B1DCBBDC2FD7596500FF909B /* Sources */ = {
			isa = PBXSourcesBuildPhase;
			buildActionMask = 2147483647;
			files = (
			);
			runOnlyForDeploymentPostprocessing = 0;
		};
		B1DCBBE62FD7596500FF909B /* Sources */ = {
			isa = PBXSourcesBuildPhase;
			buildActionMask = 2147483647;
			files = (
			);
			runOnlyForDeploymentPostprocessing = 0;
		};
/* End PBXSourcesBuildPhase section */

/* Begin PBXTargetDependency section */
		B1DCBBE22FD7596500FF909B /* PBXTargetDependency */ = {
			isa = PBXTargetDependency;
			target = B1DCBBCF2FD7596400FF909B /* DoYouUnderstand */;
			targetProxy = B1DCBBE12FD7596500FF909B /* PBXContainerItemProxy */;
		};
		B1DCBBEC2FD7596500FF909B /* PBXTargetDependency */ = {
			isa = PBXTargetDependency;
			target = B1DCBBCF2FD7596400FF909B /* DoYouUnderstand */;
			targetProxy = B1DCBBEB2FD7596500FF909B /* PBXContainerItemProxy */;
		};
/* End PBXTargetDependency section */

/* Begin XCBuildConfiguration section */
		B1DCBBF22FD7596500FF909B /* Debug */ = {
			isa = XCBuildConfiguration;
			buildSettings = {
				ALWAYS_SEARCH_USER_PATHS = NO;
				ASSETCATALOG_COMPILER_GENERATE_SWIFT_ASSET_SYMBOL_EXTENSIONS = YES;
				CLANG_ANALYZER_NONNULL = YES;
				CLANG_ANALYZER_NUMBER_OBJECT_CONVERSION = YES_AGGRESSIVE;
				CLANG_CXX_LANGUAGE_STANDARD = "gnu++20";
				CLANG_ENABLE_MODULES = YES;
				CLANG_ENABLE_OBJC_ARC = YES;
				CLANG_ENABLE_OBJC_WEAK = YES;
				CLANG_WARN_BLOCK_CAPTURE_AUTORELEASING = YES;
				CLANG_WARN_BOOL_CONVERSION = YES;
				CLANG_WARN_COMMA = YES;
				CLANG_WARN_CONSTANT_CONVERSION = YES;
				CLANG_WARN_DEPRECATED_OBJC_IMPLEMENTATIONS = YES;
				CLANG_WARN_DIRECT_OBJC_ISA_USAGE = YES_ERROR;
				CLANG_WARN_DOCUMENTATION_COMMENTS = YES;
				CLANG_WARN_EMPTY_BODY = YES;
				CLANG_WARN_ENUM_CONVERSION = YES;
				CLANG_WARN_INFINITE_RECURSION = YES;
				CLANG_WARN_INT_CONVERSION = YES;
				CLANG_WARN_NON_LITERAL_NULL_CONVERSION = YES;
				CLANG_WARN_OBJC_IMPLICIT_RETAIN_SELF = YES;
				CLANG_WARN_OBJC_LITERAL_CONVERSION = YES;
				CLANG_WARN_OBJC_ROOT_CLASS = YES_ERROR;
				CLANG_WARN_QUOTED_INCLUDE_IN_FRAMEWORK_HEADER = YES;
				CLANG_WARN_RANGE_LOOP_ANALYSIS = YES;
				CLANG_WARN_STRICT_PROTOTYPES = YES;
				CLANG_WARN_SUSPICIOUS_MOVE = YES;
				CLANG_WARN_UNGUARDED_AVAILABILITY = YES_AGGRESSIVE;
				CLANG_WARN_UNREACHABLE_CODE = YES;
				CLANG_WARN__DUPLICATE_METHOD_MATCH = YES;
				COPY_PHASE_STRIP = NO;
				DEBUG_INFORMATION_FORMAT = dwarf;
				ENABLE_STRICT_OBJC_MSGSEND = YES;
				ENABLE_TESTABILITY = YES;
				ENABLE_USER_SCRIPT_SANDBOXING = YES;
				GCC_C_LANGUAGE_STANDARD = gnu17;
				GCC_DYNAMIC_NO_PIC = NO;
				GCC_NO_COMMON_BLOCKS = YES;
				GCC_OPTIMIZATION_LEVEL = 0;
				GCC_PREPROCESSOR_DEFINITIONS = (
					"DEBUG=1",
					"$(inherited)",
				);
				GCC_WARN_64_TO_32_BIT_CONVERSION = YES;
				GCC_WARN_ABOUT_RETURN_TYPE = YES_ERROR;
				GCC_WARN_UNDECLARED_SELECTOR = YES;
				GCC_WARN_UNINITIALIZED_AUTOS = YES_AGGRESSIVE;
				GCC_WARN_UNUSED_FUNCTION = YES;
				GCC_WARN_UNUSED_VARIABLE = YES;
				IPHONEOS_DEPLOYMENT_TARGET = 18.2;
				LOCALIZATION_PREFERS_STRING_CATALOGS = YES;
				MTL_ENABLE_DEBUG_INFO = INCLUDE_SOURCE;
				MTL_FAST_MATH = YES;
				ONLY_ACTIVE_ARCH = YES;
				SDKROOT = iphoneos;
				SWIFT_ACTIVE_COMPILATION_CONDITIONS = "DEBUG $(inherited)";
				SWIFT_OPTIMIZATION_LEVEL = "-Onone";
			};
			name = Debug;
		};
		B1DCBBF32FD7596500FF909B /* Release */ = {
			isa = XCBuildConfiguration;
			buildSettings = {
				ALWAYS_SEARCH_USER_PATHS = NO;
				ASSETCATALOG_COMPILER_GENERATE_SWIFT_ASSET_SYMBOL_EXTENSIONS = YES;
				CLANG_ANALYZER_NONNULL = YES;
				CLANG_ANALYZER_NUMBER_OBJECT_CONVERSION = YES_AGGRESSIVE;
				CLANG_CXX_LANGUAGE_STANDARD = "gnu++20";
				CLANG_ENABLE_MODULES = YES;
				CLANG_ENABLE_OBJC_ARC = YES;
				CLANG_ENABLE_OBJC_WEAK = YES;
				CLANG_WARN_BLOCK_CAPTURE_AUTORELEASING = YES;
				CLANG_WARN_BOOL_CONVERSION = YES;
				CLANG_WARN_COMMA = YES;
				CLANG_WARN_CONSTANT_CONVERSION = YES;
				CLANG_WARN_DEPRECATED_OBJC_IMPLEMENTATIONS = YES;
				CLANG_WARN_DIRECT_OBJC_ISA_USAGE = YES_ERROR;
				CLANG_WARN_DOCUMENTATION_COMMENTS = YES;
				CLANG_WARN_EMPTY_BODY = YES;
				CLANG_WARN_ENUM_CONVERSION = YES;
				CLANG_WARN_INFINITE_RECURSION = YES;
				CLANG_WARN_INT_CONVERSION = YES;
				CLANG_WARN_NON_LITERAL_NULL_CONVERSION = YES;
				CLANG_WARN_OBJC_IMPLICIT_RETAIN_SELF = YES;
				CLANG_WARN_OBJC_LITERAL_CONVERSION = YES;
				CLANG_WARN_OBJC_ROOT_CLASS = YES_ERROR;
				CLANG_WARN_QUOTED_INCLUDE_IN_FRAMEWORK_HEADER = YES;
				CLANG_WARN_RANGE_LOOP_ANALYSIS = YES;
				CLANG_WARN_STRICT_PROTOTYPES = YES;
				CLANG_WARN_SUSPICIOUS_MOVE = YES;
				CLANG_WARN_UNGUARDED_AVAILABILITY = YES_AGGRESSIVE;
				CLANG_WARN_UNREACHABLE_CODE = YES;
				CLANG_WARN__DUPLICATE_METHOD_MATCH = YES;
				COPY_PHASE_STRIP = NO;
				DEBUG_INFORMATION_FORMAT = "dwarf-with-dsym";
				ENABLE_NS_ASSERTIONS = NO;
				ENABLE_STRICT_OBJC_MSGSEND = YES;
				ENABLE_USER_SCRIPT_SANDBOXING = YES;
				GCC_C_LANGUAGE_STANDARD = gnu17;
				GCC_NO_COMMON_BLOCKS = YES;
				GCC_WARN_64_TO_32_BIT_CONVERSION = YES;
				GCC_WARN_ABOUT_RETURN_TYPE = YES_ERROR;
				GCC_WARN_UNDECLARED_SELECTOR = YES;
				GCC_WARN_UNINITIALIZED_AUTOS = YES_AGGRESSIVE;
				GCC_WARN_UNUSED_FUNCTION = YES;
				GCC_WARN_UNUSED_VARIABLE = YES;
				IPHONEOS_DEPLOYMENT_TARGET = 18.2;
				LOCALIZATION_PREFERS_STRING_CATALOGS = YES;
				MTL_ENABLE_DEBUG_INFO = NO;
				MTL_FAST_MATH = YES;
				SDKROOT = iphoneos;
				SWIFT_COMPILATION_MODE = wholemodule;
				VALIDATE_PRODUCT = YES;
			};
			name = Release;
		};
		B1DCBBF52FD7596500FF909B /* Debug */ = {
			isa = XCBuildConfiguration;
			buildSettings = {
				ASSETCATALOG_COMPILER_APPICON_NAME = AppIcon;
				ASSETCATALOG_COMPILER_GLOBAL_ACCENT_COLOR_NAME = AccentColor;
				CODE_SIGN_STYLE = Automatic;
				CURRENT_PROJECT_VERSION = 1;
				DEVELOPMENT_ASSET_PATHS = "\"DoYouUnderstand/Preview Content\"";
				DEVELOPMENT_TEAM = QC564X4RAJ;
				ENABLE_PREVIEWS = YES;
				GENERATE_INFOPLIST_FILE = YES;
				INFOPLIST_KEY_UIApplicationSceneManifest_Generation = YES;
				INFOPLIST_KEY_UIApplicationSupportsIndirectInputEvents = YES;
				INFOPLIST_KEY_UILaunchScreen_Generation = YES;
				INFOPLIST_KEY_UISupportedInterfaceOrientations_iPad = "UIInterfaceOrientationPortrait UIInterfaceOrientationPortraitUpsideDown UIInterfaceOrientationLandscapeLeft UIInterfaceOrientationLandscapeRight";
				INFOPLIST_KEY_UISupportedInterfaceOrientations_iPhone = "UIInterfaceOrientationPortrait UIInterfaceOrientationLandscapeLeft UIInterfaceOrientationLandscapeRight";
				LD_RUNPATH_SEARCH_PATHS = (
					"$(inherited)",
					"@executable_path/Frameworks",
				);
				MARKETING_VERSION = 1.0;
				PRODUCT_BUNDLE_IDENTIFIER = NikodemR.DoYouUnderstand;
				PRODUCT_NAME = "$(TARGET_NAME)";
				SWIFT_EMIT_LOC_STRINGS = YES;
				SWIFT_VERSION = 5.0;
				TARGETED_DEVICE_FAMILY = "1,2";
			};
			name = Debug;
		};
		B1DCBBF62FD7596500FF909B /* Release */ = {
			isa = XCBuildConfiguration;
			buildSettings = {
				ASSETCATALOG_COMPILER_APPICON_NAME = AppIcon;
				ASSETCATALOG_COMPILER_GLOBAL_ACCENT_COLOR_NAME = AccentColor;
				CODE_SIGN_STYLE = Automatic;
				CURRENT_PROJECT_VERSION = 1;
				DEVELOPMENT_ASSET_PATHS = "\"DoYouUnderstand/Preview Content\"";
				DEVELOPMENT_TEAM = QC564X4RAJ;
				ENABLE_PREVIEWS = YES;
				GENERATE_INFOPLIST_FILE = YES;
				INFOPLIST_KEY_UIApplicationSceneManifest_Generation = YES;
				INFOPLIST_KEY_UIApplicationSupportsIndirectInputEvents = YES;
				INFOPLIST_KEY_UILaunchScreen_Generation = YES;
				INFOPLIST_KEY_UISupportedInterfaceOrientations_iPad = "UIInterfaceOrientationPortrait UIInterfaceOrientationPortraitUpsideDown UIInterfaceOrientationLandscapeLeft UIInterfaceOrientationLandscapeRight";
				INFOPLIST_KEY_UISupportedInterfaceOrientations_iPhone = "UIInterfaceOrientationPortrait UIInterfaceOrientationLandscapeLeft UIInterfaceOrientationLandscapeRight";
				LD_RUNPATH_SEARCH_PATHS = (
					"$(inherited)",
					"@executable_path/Frameworks",
				);
				MARKETING_VERSION = 1.0;
				PRODUCT_BUNDLE_IDENTIFIER = NikodemR.DoYouUnderstand;
				PRODUCT_NAME = "$(TARGET_NAME)";
				SWIFT_EMIT_LOC_STRINGS = YES;
				SWIFT_VERSION = 5.0;
				TARGETED_DEVICE_FAMILY = "1,2";
			};
			name = Release;
		};
		B1DCBBF82FD7596500FF909B /* Debug */ = {
			isa = XCBuildConfiguration;
			buildSettings = {
				BUNDLE_LOADER = "$(TEST_HOST)";
				CODE_SIGN_STYLE = Automatic;
				CURRENT_PROJECT_VERSION = 1;
				DEVELOPMENT_TEAM = QC564X4RAJ;
				GENERATE_INFOPLIST_FILE = YES;
				IPHONEOS_DEPLOYMENT_TARGET = 18.2;
				MARKETING_VERSION = 1.0;
				PRODUCT_BUNDLE_IDENTIFIER = NikodemR.DoYouUnderstandTests;
				PRODUCT_NAME = "$(TARGET_NAME)";
				SWIFT_EMIT_LOC_STRINGS = NO;
				SWIFT_VERSION = 5.0;
				TARGETED_DEVICE_FAMILY = "1,2";
				TEST_HOST = "$(BUILT_PRODUCTS_DIR)/DoYouUnderstand.app/$(BUNDLE_EXECUTABLE_FOLDER_PATH)/DoYouUnderstand";
			};
			name = Debug;
		};
		B1DCBBF92FD7596500FF909B /* Release */ = {
			isa = XCBuildConfiguration;
			buildSettings = {
				BUNDLE_LOADER = "$(TEST_HOST)";
				CODE_SIGN_STYLE = Automatic;
				CURRENT_PROJECT_VERSION = 1;
				DEVELOPMENT_TEAM = QC564X4RAJ;
				GENERATE_INFOPLIST_FILE = YES;
				IPHONEOS_DEPLOYMENT_TARGET = 18.2;
				MARKETING_VERSION = 1.0;
				PRODUCT_BUNDLE_IDENTIFIER = NikodemR.DoYouUnderstandTests;
				PRODUCT_NAME = "$(TARGET_NAME)";
				SWIFT_EMIT_LOC_STRINGS = NO;
				SWIFT_VERSION = 5.0;
				TARGETED_DEVICE_FAMILY = "1,2";
				TEST_HOST = "$(BUILT_PRODUCTS_DIR)/DoYouUnderstand.app/$(BUNDLE_EXECUTABLE_FOLDER_PATH)/DoYouUnderstand";
			};
			name = Release;
		};
		B1DCBBFB2FD7596500FF909B /* Debug */ = {
			isa = XCBuildConfiguration;
			buildSettings = {
				CODE_SIGN_STYLE = Automatic;
				CURRENT_PROJECT_VERSION = 1;
				DEVELOPMENT_TEAM = QC564X4RAJ;
				GENERATE_INFOPLIST_FILE = YES;
				MARKETING_VERSION = 1.0;
				PRODUCT_BUNDLE_IDENTIFIER = NikodemR.DoYouUnderstandUITests;
				PRODUCT_NAME = "$(TARGET_NAME)";
				SWIFT_EMIT_LOC_STRINGS = NO;
				SWIFT_VERSION = 5.0;
				TARGETED_DEVICE_FAMILY = "1,2";
				TEST_TARGET_NAME = DoYouUnderstand;
			};
			name = Debug;
		};
		B1DCBBFC2FD7596500FF909B /* Release */ = {
			isa = XCBuildConfiguration;
			buildSettings = {
				CODE_SIGN_STYLE = Automatic;
				CURRENT_PROJECT_VERSION = 1;
				DEVELOPMENT_TEAM = QC564X4RAJ;
				GENERATE_INFOPLIST_FILE = YES;
				MARKETING_VERSION = 1.0;
				PRODUCT_BUNDLE_IDENTIFIER = NikodemR.DoYouUnderstandUITests;
				PRODUCT_NAME = "$(TARGET_NAME)";
				SWIFT_EMIT_LOC_STRINGS = NO;
				SWIFT_VERSION = 5.0;
				TARGETED_DEVICE_FAMILY = "1,2";
				TEST_TARGET_NAME = DoYouUnderstand;
			};
			name = Release;
		};
/* End XCBuildConfiguration section */

/* Begin XCConfigurationList section */
		B1DCBBCB2FD7596400FF909B /* Build configuration list for PBXProject "DoYouUnderstand" */ = {
			isa = XCConfigurationList;
			buildConfigurations = (
				B1DCBBF22FD7596500FF909B /* Debug */,
				B1DCBBF32FD7596500FF909B /* Release */,
			);
			defaultConfigurationIsVisible = 0;
			defaultConfigurationName = Release;
		};
		B1DCBBF42FD7596500FF909B /* Build configuration list for PBXNativeTarget "DoYouUnderstand" */ = {
			isa = XCConfigurationList;
			buildConfigurations = (
				B1DCBBF52FD7596500FF909B /* Debug */,
				B1DCBBF62FD7596500FF909B /* Release */,
			);
			defaultConfigurationIsVisible = 0;
			defaultConfigurationName = Release;
		};
		B1DCBBF72FD7596500FF909B /* Build configuration list for PBXNativeTarget "DoYouUnderstandTests" */ = {
			isa = XCConfigurationList;
			buildConfigurations = (
				B1DCBBF82FD7596500FF909B /* Debug */,
				B1DCBBF92FD7596500FF909B /* Release */,
			);
			defaultConfigurationIsVisible = 0;
			defaultConfigurationName = Release;
		};
		B1DCBBFA2FD7596500FF909B /* Build configuration list for PBXNativeTarget "DoYouUnderstandUITests" */ = {
			isa = XCConfigurationList;
			buildConfigurations = (
				B1DCBBFB2FD7596500FF909B /* Debug */,
				B1DCBBFC2FD7596500FF909B /* Release */,
			);
			defaultConfigurationIsVisible = 0;
			defaultConfigurationName = Release;
		};
/* End XCConfigurationList section */
	};
	rootObject = B1DCBBC82FD7596400FF909B /* Project object */;
}
